
Microsoft Visual Studio Solution File, Format Version 12.00
# Visual Studio 2013
VisualStudioVersion = 12.0.30723.0
MinimumVisualStudioVersion = 10.0.40219.1
Project("{FAE04EC0-301F-11D3-BF4B-00C04F79EFBC}") = "MagicMobile", "MagicMobile\MagicMobile.csproj", "{5F97A36D-5806-4975-8F19-BCC61989DE00}"
	ProjectSection(ProjectDependencies) = postProject
		{52CD27D6-50DB-408D-AFD4-74E09CE369C3} = {52CD27D6-50DB-408D-AFD4-74E09CE369C3}
	EndProjectSection
EndProject
Project("{FAE04EC0-301F-11D3-BF4B-00C04F79EFBC}") = "Magic.Core", "Magic.Core\Magic.Core.csproj", "{52CD27D6-50DB-408D-AFD4-74E09CE369C3}"
EndProject
Global
	GlobalSection(SolutionConfigurationPlatforms) = preSolution
		Debug|Any CPU = Debug|Any CPU
		Release|Any CPU = Release|Any CPU
	EndGlobalSection
	GlobalSection(ProjectConfigurationPlatforms) = postSolution
		{5F97A36D-5806-4975-8F19-BCC61989DE00}.Debug|Any CPU.ActiveCfg = Debug|Any CPU
		{5F97A36D-5806-4975-8F19-BCC61989DE00}.Debug|Any CPU.Build.0 = Debug|Any CPU
		{5F97A36D-5806-4975-8F19-BCC61989DE00}.Debug|Any CPU.Deploy.0 = Debug|Any CPU
		{5F97A36D-5806-4975-8F19-BCC61989DE00}.Release|Any CPU.ActiveCfg = Release|Any CPU
		{5F97A36D-5806-4975-8F19-BCC61989DE00}.Release|Any CPU.Build.0 = Release|Any CPU
		{52CD27D6-50DB-408D-AFD4-74E09CE369C3}.Debug|Any CPU.ActiveCfg = Debug|Any CPU
		{52CD27D6-50DB-408D-AFD4-74E09CE369C3}.Debug|Any CPU.Build.0 = Debug|Any CPU
		{52CD27D6-50DB-408D-AFD4-74E09CE369C3}.Release|Any CPU.ActiveCfg = Release|Any CPU
		{52CD27D6-50DB-408D-AFD4-74E09CE369C3}.Release|Any CPU.Build.0 = Release|Any CPU
	EndGlobalSection
	GlobalSection(SolutionProperties) = preSolution
		HideSolutionNode = FALSE
	EndGlobalSection
	GlobalSection(MonoDevelopProperties) = preSolution
		StartupItem = MagicMobile\MagicMobile.csproj
	EndGlobalSection
EndGlobal
